
Microsoft Visual Studio Solution File, Format Version 12.00
# Visual Studio Version 16
VisualStudioVersion = 16.0.31613.86
MinimumVisualStudioVersion = 10.0.40219.1
Project("{8BC9CEB8-8B4A-11D0-8D11-00A0C91BC942}") = "programmingWeek5.pg2", "programmingWeek5.pg2\programmingWeek5.pg2.vcxproj", "{CD915309-DB0A-498B-B031-5E800C3DECDE}"
EndProject
Global
	GlobalSection(SolutionConfigurationPlatforms) = preSolution
		Debug|x64 = Debug|x64
		Debug|x86 = Debug|x86
		Release|x64 = Release|x64
		Release|x86 = Release|x86
	EndGlobalSection
	GlobalSection(ProjectConfigurationPlatforms) = postSolution
		{CD915309-DB0A-498B-B031-5E800C3DECDE}.Debug|x64.ActiveCfg = Debug|x64
		{CD915309-DB0A-498B-B031-5E800C3DECDE}.Debug|x64.Build.0 = Debug|x64
		{CD915309-DB0A-498B-B031-5E800C3DECDE}.Debug|x86.ActiveCfg = Debug|Win32
		{CD915309-DB0A-498B-B031-5E800C3DECDE}.Debug|x86.Build.0 = Debug|Win32
		{CD915309-DB0A-498B-B031-5E800C3DECDE}.Release|x64.ActiveCfg = Release|x64
		{CD915309-DB0A-498B-B031-5E800C3DECDE}.Release|x64.Build.0 = Release|x64
		{CD915309-DB0A-498B-B031-5E800C3DECDE}.Release|x86.ActiveCfg = Release|Win32
		{CD915309-DB0A-498B-B031-5E800C3DECDE}.Release|x86.Build.0 = Release|Win32
	EndGlobalSection
	GlobalSection(SolutionProperties) = preSolution
		HideSolutionNode = FALSE
	EndGlobalSection
	GlobalSection(ExtensibilityGlobals) = postSolution
		SolutionGuid = {29C6369E-3475-4626-B179-8DE4D0F55792}
	EndGlobalSection
EndGlobal
